
Microsoft Visual Studio Solution File, Format Version 12.00
# Visual Studio Version 16
VisualStudioVersion = 16.0.29613.14
MinimumVisualStudioVersion = 10.0.40219.1
Project("{9A19103F-16F7-4668-BE54-9A1E7A4F7556}") = "ValuationAsset", "ValuationAsset\ValuationAsset.csproj", "{03082979-E4FA-4240-9AB5-C390F7E3F9B6}"
EndProject
Project("{54435603-DBB4-11D2-8724-00A0C9A8B90C}") = "Setup1", "ValuationAsset\Setup\Setup1\Setup1.vdproj", "{1B71952D-3BDF-4A84-A4B2-EA832679D8C0}"
EndProject
Global
	GlobalSection(SolutionConfigurationPlatforms) = preSolution
		Debug|Any CPU = Debug|Any CPU
		Release|Any CPU = Release|Any CPU
	EndGlobalSection
	GlobalSection(ProjectConfigurationPlatforms) = postSolution
		{03082979-E4FA-4240-9AB5-C390F7E3F9B6}.Debug|Any CPU.ActiveCfg = Debug|Any CPU
		{03082979-E4FA-4240-9AB5-C390F7E3F9B6}.Debug|Any CPU.Build.0 = Debug|Any CPU
		{03082979-E4FA-4240-9AB5-C390F7E3F9B6}.Release|Any CPU.ActiveCfg = Release|Any CPU
		{03082979-E4FA-4240-9AB5-C390F7E3F9B6}.Release|Any CPU.Build.0 = Release|Any CPU
		{1B71952D-3BDF-4A84-A4B2-EA832679D8C0}.Debug|Any CPU.ActiveCfg = Debug
		{1B71952D-3BDF-4A84-A4B2-EA832679D8C0}.Release|Any CPU.ActiveCfg = Release
	EndGlobalSection
	GlobalSection(SolutionProperties) = preSolution
		HideSolutionNode = FALSE
	EndGlobalSection
	GlobalSection(ExtensibilityGlobals) = postSolution
		SolutionGuid = {517A3419-C2CA-42F3-8F14-9B85BE4E23A7}
	EndGlobalSection
EndGlobal
